{
  "nodes": {
    "disko": {
      "inputs": {
        "nixpkgs": [
          "nixpkgs"
        ]
      },
      "locked": {
        "lastModified": 1711588700,
        "narHash": "sha256-vBB5HoQVnA6c/UrDOhLXKAahEwSRccw2YXYHxD7qoi4=",
        "owner": "nix-community",
        "repo": "disko",
        "rev": "502241afa3de2a24865ddcbe4c122f4546e32092",
        "type": "github"
      },
      "original": {
        "owner": "nix-community",
        "repo": "disko",
        "type": "github"
      }
    },
    "home-manager": {
      "inputs": {
        "nixpkgs": [
          "nixpkgs"
        ]
      },
      "locked": {
        "lastModified": 1710888565,
        "narHash": "sha256-s9Hi4RHhc6yut4EcYD50sZWRDKsugBJHSbON8KFwoTw=",
        "owner": "nix-community",
        "repo": "home-manager",
        "rev": "f33900124c23c4eca5831b9b5eb32ea5894375ce",
        "type": "github"
      },
      "original": {
        "owner": "nix-community",
        "ref": "release-23.11",
        "repo": "home-manager",
        "type": "github"
      }
    },
    "nixpkgs": {
      "locked": {
        "lastModified": 1711523803,
        "narHash": "sha256-UKcYiHWHQynzj6CN/vTcix4yd1eCu1uFdsuarupdCQQ=",
        "owner": "nixos",
        "repo": "nixpkgs",
        "rev": "2726f127c15a4cc9810843b96cad73c7eb39e443",
        "type": "github"
      },
      "original": {
        "owner": "nixos",
        "ref": "nixos-unstable",
        "repo": "nixpkgs",
        "type": "github"
      }
    },
    "nixpkgs-stable": {
      "locked": {
        "lastModified": 1711233294,
        "narHash": "sha256-eEu5y4J145BYDw9o/YEmeJyqh8blgnZwuz9k234zuWc=",
        "owner": "NixOS",
        "repo": "nixpkgs",
        "rev": "ac6bdf6181666ebb4f90dd20f31e2fa66ede6b68",
        "type": "github"
      },
      "original": {
        "owner": "NixOS",
        "ref": "release-23.11",
        "repo": "nixpkgs",
        "type": "github"
      }
    },
    "nixpkgs_2": {
      "locked": {
        "lastModified": 1711200738,
        "narHash": "sha256-dkJmk/ET/tRV4007O6kU101UEg1svUwiyk/zEEX9Tdg=",
        "owner": "NixOS",
        "repo": "nixpkgs",
        "rev": "20bc93ca7b2158ebc99b8cef987a2173a81cde35",
        "type": "github"
      },
      "original": {
        "owner": "NixOS",
        "ref": "nixpkgs-unstable",
        "repo": "nixpkgs",
        "type": "github"
      }
    },
    "nur": {
      "locked": {
        "lastModified": 1711647925,
        "narHash": "sha256-JSM1S2F0F3rLBqmTA2HgZ7OMkdLE7nWbRtG5QV8vkXg=",
        "owner": "nix-community",
        "repo": "NUR",
        "rev": "d9bc55a405addbd6ccf6a6495870c2d277a355de",
        "type": "github"
      },
      "original": {
        "owner": "nix-community",
        "repo": "NUR",
        "type": "github"
      }
    },
    "root": {
      "inputs": {
        "disko": "disko",
        "home-manager": "home-manager",
        "nixpkgs": "nixpkgs",
        "nur": "nur",
        "scripts": "scripts",
        "sops-nix": "sops-nix",
        "wallpapers": "wallpapers"
      }
    },
    "scripts": {
      "locked": {
        "lastModified": 1709958643,
        "narHash": "sha256-+NHuHYUTUkjIOaCZlH7gICDwRu2dMgJ6smmU9DvgLT0=",
        "owner": "ret2pop",
        "repo": "scripts",
        "rev": "8e230dcb118d5a25629c1980a4764ae071bfb2bf",
        "type": "github"
      },
      "original": {
        "owner": "ret2pop",
        "repo": "scripts",
        "type": "github"
      }
    },
    "sops-nix": {
      "inputs": {
        "nixpkgs": "nixpkgs_2",
        "nixpkgs-stable": "nixpkgs-stable"
      },
      "locked": {
        "lastModified": 1711249319,
        "narHash": "sha256-N+Pp3/8H+rd7cO71VNV/ovV/Kwt+XNeUHNhsmyTabdM=",
        "owner": "Mic92",
        "repo": "sops-nix",
        "rev": "405987a66cce9a4a82f321f11b205982a7127c88",
        "type": "github"
      },
      "original": {
        "owner": "Mic92",
        "repo": "sops-nix",
        "type": "github"
      }
    },
    "wallpapers": {
      "locked": {
        "lastModified": 1710138216,
        "narHash": "sha256-LcgB1Fkb9PZLF9BiV310mSWe3emK1+aJ2gxkeSsuOQ4=",
        "owner": "ret2pop",
        "repo": "wallpapers",
        "rev": "18edf36b53936ee2eda766b7b29ee91b21e2d5cd",
        "type": "github"
      },
      "original": {
        "owner": "ret2pop",
        "repo": "wallpapers",
        "type": "github"
      }
    }
  },
  "root": "root",
  "version": 7
}
